{
  "version": 4,
  "terraform_version": "1.9.8",
  "serial": 15,
  "lineage": "c5a4ecf0-6f70-1742-e7b9-8e0b64cf6852",
  "outputs": {
    "app_service_url": {
      "value": "juniacloudcomputingappservicebgm.azurewebsites.net",
      "type": "string"
    },
    "resource_group_name": {
      "value": "juniacloudcomputingprojectbgm",
      "type": "string"
    }
  },
  "resources": [
    {
      "mode": "managed",
      "type": "azurerm_resource_group",
      "name": "main",
      "provider": "provider[\"registry.terraform.io/hashicorp/azurerm\"]",
      "instances": [
        {
          "schema_version": 0,
          "attributes": {
            "id": "/subscriptions/dc98fb51-9f41-49ca-8dd6-c1ad68d80115/resourceGroups/juniacloudcomputingprojectbgm",
            "location": "francecentral",
            "managed_by": "",
            "name": "juniacloudcomputingprojectbgm",
            "tags": {},
            "timeouts": null
          },
          "sensitive_attributes": [],
          "private": "eyJlMmJmYjczMC1lY2FhLTExZTYtOGY4OC0zNDM2M2JjN2M0YzAiOnsiY3JlYXRlIjo1NDAwMDAwMDAwMDAwLCJkZWxldGUiOjU0MDAwMDAwMDAwMDAsInJlYWQiOjMwMDAwMDAwMDAwMCwidXBkYXRlIjo1NDAwMDAwMDAwMDAwfX0="
        }
      ]
    },
    {
      "module": "module.app_service",
      "mode": "managed",
      "type": "azurerm_app_service",
      "name": "app_service",
      "provider": "provider[\"registry.terraform.io/hashicorp/azurerm\"]",
      "instances": [
        {
          "schema_version": 0,
          "attributes": {
            "app_service_plan_id": "/subscriptions/dc98fb51-9f41-49ca-8dd6-c1ad68d80115/resourceGroups/juniacloudcomputingprojectbgm/providers/Microsoft.Web/serverFarms/juniacloudcomputingappserviceplanbgm",
            "app_settings": {
              "WEBSITE_RUN_FROM_PACKAGE": "1"
            },
            "auth_settings": [
              {
                "active_directory": [],
                "additional_login_params": {},
                "allowed_external_redirect_urls": [],
                "default_provider": "",
                "enabled": false,
                "facebook": [],
                "google": [],
                "issuer": "",
                "microsoft": [],
                "runtime_version": "",
                "token_refresh_extension_hours": 0,
                "token_store_enabled": false,
                "twitter": [],
                "unauthenticated_client_action": ""
              }
            ],
            "backup": [],
            "client_affinity_enabled": false,
            "client_cert_enabled": false,
            "client_cert_mode": "Required",
            "connection_string": [],
            "custom_domain_verification_id": "78F2A3E189AA505EA74946DD0375F7B18707FF11F92E8E0B8F8E04549F63D905",
            "default_site_hostname": "juniacloudcomputingappservicebgm.azurewebsites.net",
            "enabled": true,
            "https_only": false,
            "id": "/subscriptions/dc98fb51-9f41-49ca-8dd6-c1ad68d80115/resourceGroups/juniacloudcomputingprojectbgm/providers/Microsoft.Web/sites/juniacloudcomputingappservicebgm",
            "identity": [],
            "key_vault_reference_identity_id": "SystemAssigned",
            "location": "francecentral",
            "logs": [
              {
                "application_logs": [
                  {
                    "azure_blob_storage": [],
                    "file_system_level": "Off"
                  }
                ],
                "detailed_error_messages_enabled": false,
                "failed_request_tracing_enabled": false,
                "http_logs": [
                  {
                    "azure_blob_storage": [],
                    "file_system": []
                  }
                ]
              }
            ],
            "name": "juniacloudcomputingappservicebgm",
            "outbound_ip_address_list": [
              "40.89.130.0",
              "40.89.139.181",
              "40.89.166.179",
              "40.89.161.203",
              "40.79.130.129"
            ],
            "outbound_ip_addresses": "40.89.130.0,40.89.139.181,40.89.166.179,40.89.161.203,40.79.130.129",
            "possible_outbound_ip_address_list": [
              "40.89.130.0",
              "40.89.139.181",
              "40.89.166.179",
              "40.89.161.203",
              "40.89.130.122",
              "40.89.164.243",
              "40.89.161.127",
              "40.89.163.147",
              "40.89.134.161",
              "20.74.71.248",
              "20.74.71.250",
              "20.199.0.2",
              "20.199.0.85",
              "20.199.0.141",
              "20.199.1.66",
              "20.199.1.83",
              "20.199.1.153",
              "20.199.1.185",
              "20.199.1.194",
              "20.199.2.15",
              "20.199.2.28",
              "40.79.130.129"
            ],
            "possible_outbound_ip_addresses": "40.89.130.0,40.89.139.181,40.89.166.179,40.89.161.203,40.89.130.122,40.89.164.243,40.89.161.127,40.89.163.147,40.89.134.161,20.74.71.248,20.74.71.250,20.199.0.2,20.199.0.85,20.199.0.141,20.199.1.66,20.199.1.83,20.199.1.153,20.199.1.185,20.199.1.194,20.199.2.15,20.199.2.28,40.79.130.129",
            "resource_group_name": "juniacloudcomputingprojectbgm",
            "site_config": [
              {
                "acr_use_managed_identity_credentials": false,
                "acr_user_managed_identity_client_id": "",
                "always_on": true,
                "app_command_line": "",
                "auto_swap_slot_name": "",
                "cors": [
                  {
                    "allowed_origins": [],
                    "support_credentials": false
                  }
                ],
                "default_documents": null,
                "dotnet_framework_version": "v4.0",
                "ftps_state": "FtpsOnly",
                "health_check_path": "",
                "http2_enabled": false,
                "ip_restriction": [],
                "java_container": "",
                "java_container_version": "",
                "java_version": "",
                "linux_fx_version": "NODE|14-lts",
                "local_mysql_enabled": false,
                "managed_pipeline_mode": "Integrated",
                "min_tls_version": "1.2",
                "number_of_workers": 1,
                "php_version": "",
                "python_version": "",
                "remote_debugging_enabled": false,
                "remote_debugging_version": "VS2022",
                "scm_ip_restriction": [],
                "scm_type": "None",
                "scm_use_main_ip_restriction": false,
                "use_32_bit_worker_process": false,
                "vnet_route_all_enabled": false,
                "websockets_enabled": false,
                "windows_fx_version": ""
              }
            ],
            "site_credential": [
              {
                "password": "xKbJqhu9H00TuTFkSogeuLcTrFZFLKBkuxv2XH6xhmEbsrJqZcKMZ3T5q3Tu",
                "username": "$juniacloudcomputingappservicebgm"
              }
            ],
            "source_control": [
              {
                "branch": "main",
                "manual_integration": false,
                "repo_url": "",
                "rollback_enabled": false,
                "use_mercurial": false
              }
            ],
            "storage_account": [],
            "tags": null,
            "timeouts": null
          },
          "sensitive_attributes": [],
          "private": "eyJlMmJmYjczMC1lY2FhLTExZTYtOGY4OC0zNDM2M2JjN2M0YzAiOnsiY3JlYXRlIjoxODAwMDAwMDAwMDAwLCJkZWxldGUiOjE4MDAwMDAwMDAwMDAsInJlYWQiOjMwMDAwMDAwMDAwMCwidXBkYXRlIjoxODAwMDAwMDAwMDAwfX0=",
          "dependencies": [
            "azurerm_resource_group.main",
            "module.app_service.azurerm_service_plan.service_plan"
          ]
        }
      ]
    },
    {
      "module": "module.app_service",
      "mode": "managed",
      "type": "azurerm_service_plan",
      "name": "service_plan",
      "provider": "provider[\"registry.terraform.io/hashicorp/azurerm\"]",
      "instances": [
        {
          "schema_version": 1,
          "attributes": {
            "app_service_environment_id": "",
            "id": "/subscriptions/dc98fb51-9f41-49ca-8dd6-c1ad68d80115/resourceGroups/juniacloudcomputingprojectbgm/providers/Microsoft.Web/serverFarms/juniacloudcomputingappserviceplanbgm",
            "kind": "linux",
            "location": "francecentral",
            "maximum_elastic_worker_count": 1,
            "name": "juniacloudcomputingappserviceplanbgm",
            "os_type": "Linux",
            "per_site_scaling_enabled": false,
            "reserved": true,
            "resource_group_name": "juniacloudcomputingprojectbgm",
            "sku_name": "B1",
            "tags": null,
            "timeouts": null,
            "worker_count": 1,
            "zone_balancing_enabled": false
          },
          "sensitive_attributes": [],
          "private": "eyJlMmJmYjczMC1lY2FhLTExZTYtOGY4OC0zNDM2M2JjN2M0YzAiOnsiY3JlYXRlIjozNjAwMDAwMDAwMDAwLCJkZWxldGUiOjM2MDAwMDAwMDAwMDAsInJlYWQiOjMwMDAwMDAwMDAwMCwidXBkYXRlIjozNjAwMDAwMDAwMDAwfSwic2NoZW1hX3ZlcnNpb24iOiIxIn0=",
          "dependencies": [
            "azurerm_resource_group.main"
          ]
        }
      ]
    }
  ],
  "check_results": null
}
