{
  "version": 4,
  "terraform_version": "1.9.8",
  "serial": 12,
  "lineage": "c5a4ecf0-6f70-1742-e7b9-8e0b64cf6852",
  "outputs": {
    "resource_group_name": {
      "value": "juniacloudcomputingprojectbgm",
      "type": "string"
    }
  },
  "resources": [
    {
      "mode": "managed",
      "type": "azurerm_resource_group",
      "name": "main",
      "provider": "provider[\"registry.terraform.io/hashicorp/azurerm\"]",
      "instances": [
        {
          "schema_version": 0,
          "attributes": {
            "id": "/subscriptions/dc98fb51-9f41-49ca-8dd6-c1ad68d80115/resourceGroups/juniacloudcomputingprojectbgm",
            "location": "francecentral",
            "managed_by": "",
            "name": "juniacloudcomputingprojectbgm",
            "tags": {},
            "timeouts": null
          },
          "sensitive_attributes": [],
          "private": "eyJlMmJmYjczMC1lY2FhLTExZTYtOGY4OC0zNDM2M2JjN2M0YzAiOnsiY3JlYXRlIjo1NDAwMDAwMDAwMDAwLCJkZWxldGUiOjU0MDAwMDAwMDAwMDAsInJlYWQiOjMwMDAwMDAwMDAwMCwidXBkYXRlIjo1NDAwMDAwMDAwMDAwfX0="
        }
      ]
    }
  ],
  "check_results": null
}
